
Microsoft Visual Studio Solution File, Format Version 12.00
# Visual Studio 15
VisualStudioVersion = 15.0.26430.14
MinimumVisualStudioVersion = 10.0.40219.1
Project("{FAE04EC0-301F-11D3-BF4B-00C04F79EFBC}") = "SprinklerService", "SprinklerService\SprinklerService.csproj", "{EA422CB7-4EAC-43F3-9DDD-D6D21F419832}"
EndProject
Project("{FAE04EC0-301F-11D3-BF4B-00C04F79EFBC}") = "SprinklerBO", "SprinklerBO\SprinklerBO.csproj", "{7BE6FE19-20A4-4FCF-B067-C0DF4064F539}"
EndProject
Project("{FAE04EC0-301F-11D3-BF4B-00C04F79EFBC}") = "WeatherAPI", "WeatherAPI\WeatherAPI.csproj", "{6251ED4F-774B-4F94-93E1-B5835FCD6DF0}"
EndProject
Project("{FAE04EC0-301F-11D3-BF4B-00C04F79EFBC}") = "SprinklerTest", "SprinklerTest\SprinklerTest.csproj", "{054F0F86-7C0D-4E64-827F-FE670C9E614C}"
EndProject
Project("{FAE04EC0-301F-11D3-BF4B-00C04F79EFBC}") = "WeatherAPITest", "WeatherAPITest\WeatherAPITest.csproj", "{476DDC6F-60ED-4DCD-9A7A-2CF628C78BC0}"
EndProject
Global
	GlobalSection(SolutionConfigurationPlatforms) = preSolution
		Debug|Any CPU = Debug|Any CPU
		Release|Any CPU = Release|Any CPU
	EndGlobalSection
	GlobalSection(ProjectConfigurationPlatforms) = postSolution
		{EA422CB7-4EAC-43F3-9DDD-D6D21F419832}.Debug|Any CPU.ActiveCfg = Debug|Any CPU
		{EA422CB7-4EAC-43F3-9DDD-D6D21F419832}.Debug|Any CPU.Build.0 = Debug|Any CPU
		{EA422CB7-4EAC-43F3-9DDD-D6D21F419832}.Release|Any CPU.ActiveCfg = Release|Any CPU
		{EA422CB7-4EAC-43F3-9DDD-D6D21F419832}.Release|Any CPU.Build.0 = Release|Any CPU
		{7BE6FE19-20A4-4FCF-B067-C0DF4064F539}.Debug|Any CPU.ActiveCfg = Debug|Any CPU
		{7BE6FE19-20A4-4FCF-B067-C0DF4064F539}.Debug|Any CPU.Build.0 = Debug|Any CPU
		{7BE6FE19-20A4-4FCF-B067-C0DF4064F539}.Release|Any CPU.ActiveCfg = Release|Any CPU
		{7BE6FE19-20A4-4FCF-B067-C0DF4064F539}.Release|Any CPU.Build.0 = Release|Any CPU
		{6251ED4F-774B-4F94-93E1-B5835FCD6DF0}.Debug|Any CPU.ActiveCfg = Debug|Any CPU
		{6251ED4F-774B-4F94-93E1-B5835FCD6DF0}.Debug|Any CPU.Build.0 = Debug|Any CPU
		{6251ED4F-774B-4F94-93E1-B5835FCD6DF0}.Release|Any CPU.ActiveCfg = Release|Any CPU
		{6251ED4F-774B-4F94-93E1-B5835FCD6DF0}.Release|Any CPU.Build.0 = Release|Any CPU
		{054F0F86-7C0D-4E64-827F-FE670C9E614C}.Debug|Any CPU.ActiveCfg = Debug|Any CPU
		{054F0F86-7C0D-4E64-827F-FE670C9E614C}.Debug|Any CPU.Build.0 = Debug|Any CPU
		{054F0F86-7C0D-4E64-827F-FE670C9E614C}.Release|Any CPU.ActiveCfg = Release|Any CPU
		{054F0F86-7C0D-4E64-827F-FE670C9E614C}.Release|Any CPU.Build.0 = Release|Any CPU
		{476DDC6F-60ED-4DCD-9A7A-2CF628C78BC0}.Debug|Any CPU.ActiveCfg = Debug|Any CPU
		{476DDC6F-60ED-4DCD-9A7A-2CF628C78BC0}.Debug|Any CPU.Build.0 = Debug|Any CPU
		{476DDC6F-60ED-4DCD-9A7A-2CF628C78BC0}.Release|Any CPU.ActiveCfg = Release|Any CPU
		{476DDC6F-60ED-4DCD-9A7A-2CF628C78BC0}.Release|Any CPU.Build.0 = Release|Any CPU
	EndGlobalSection
	GlobalSection(SolutionProperties) = preSolution
		HideSolutionNode = FALSE
	EndGlobalSection
EndGlobal
