
Microsoft Visual Studio Solution File, Format Version 12.00
# Visual Studio 15
VisualStudioVersion = 15.0.26430.14
MinimumVisualStudioVersion = 10.0.40219.1
Project("{FAE04EC0-301F-11D3-BF4B-00C04F79EFBC}") = "WeatherAPI", "WeatherAPI\WeatherAPI.csproj", "{EEA1F99E-C26F-45A6-9761-E994DA38F96A}"
EndProject
Project("{FAE04EC0-301F-11D3-BF4B-00C04F79EFBC}") = "WeatherAPITest", "WeatherAPITest\WeatherAPITest.csproj", "{F47C7411-63FF-42D2-8412-0D08E9A8E443}"
EndProject
Project("{FAE04EC0-301F-11D3-BF4B-00C04F79EFBC}") = "SprinklerBO", "SprinklerBO\SprinklerBO.csproj", "{2EB57580-E5EE-4C49-A53B-143EB33E0541}"
EndProject
Global
	GlobalSection(SolutionConfigurationPlatforms) = preSolution
		Debug|Any CPU = Debug|Any CPU
		Release|Any CPU = Release|Any CPU
	EndGlobalSection
	GlobalSection(ProjectConfigurationPlatforms) = postSolution
		{EEA1F99E-C26F-45A6-9761-E994DA38F96A}.Debug|Any CPU.ActiveCfg = Debug|Any CPU
		{EEA1F99E-C26F-45A6-9761-E994DA38F96A}.Debug|Any CPU.Build.0 = Debug|Any CPU
		{EEA1F99E-C26F-45A6-9761-E994DA38F96A}.Release|Any CPU.ActiveCfg = Release|Any CPU
		{EEA1F99E-C26F-45A6-9761-E994DA38F96A}.Release|Any CPU.Build.0 = Release|Any CPU
		{F47C7411-63FF-42D2-8412-0D08E9A8E443}.Debug|Any CPU.ActiveCfg = Debug|Any CPU
		{F47C7411-63FF-42D2-8412-0D08E9A8E443}.Debug|Any CPU.Build.0 = Debug|Any CPU
		{F47C7411-63FF-42D2-8412-0D08E9A8E443}.Release|Any CPU.ActiveCfg = Release|Any CPU
		{F47C7411-63FF-42D2-8412-0D08E9A8E443}.Release|Any CPU.Build.0 = Release|Any CPU
		{2EB57580-E5EE-4C49-A53B-143EB33E0541}.Debug|Any CPU.ActiveCfg = Debug|Any CPU
		{2EB57580-E5EE-4C49-A53B-143EB33E0541}.Debug|Any CPU.Build.0 = Debug|Any CPU
		{2EB57580-E5EE-4C49-A53B-143EB33E0541}.Release|Any CPU.ActiveCfg = Release|Any CPU
		{2EB57580-E5EE-4C49-A53B-143EB33E0541}.Release|Any CPU.Build.0 = Release|Any CPU
	EndGlobalSection
	GlobalSection(SolutionProperties) = preSolution
		HideSolutionNode = FALSE
	EndGlobalSection
EndGlobal
